// !$*UTF8*$!
{
	archiveVersion = 1;
	classes = {
	};
	objectVersion = 77;
	objects = {

/* Begin PBXContainerItemProxy section */
		C8E28ABD2E39DD49008CDDA6 /* PBXContainerItemProxy */ = {
			isa = PBXContainerItemProxy;
			containerPortal = C8E28A9E2E39DD46008CDDA6 /* Project object */;
			proxyType = 1;
			remoteGlobalIDString = C8E28AA52E39DD46008CDDA6;
			remoteInfo = TestCaseEteration;
		};
		C8E28AC72E39DD49008CDDA6 /* PBXContainerItemProxy */ = {
			isa = PBXContainerItemProxy;
			containerPortal = C8E28A9E2E39DD46008CDDA6 /* Project object */;
			proxyType = 1;
			remoteGlobalIDString = C8E28AA52E39DD46008CDDA6;
			remoteInfo = TestCaseEteration;
		};
/* End PBXContainerItemProxy section */

/* Begin PBXFileReference section */
		C8E28AA62E39DD46008CDDA6 /* TestCaseEteration.app */ = {isa = PBXFileReference; explicitFileType = wrapper.application; includeInIndex = 0; path = TestCaseEteration.app; sourceTree = BUILT_PRODUCTS_DIR; };
		C8E28ABC2E39DD49008CDDA6 /* TestCaseEterationTests.xctest */ = {isa = PBXFileReference; explicitFileType = wrapper.cfbundle; includeInIndex = 0; path = TestCaseEterationTests.xctest; sourceTree = BUILT_PRODUCTS_DIR; };
		C8E28AC62E39DD49008CDDA6 /* TestCaseEterationUITests.xctest */ = {isa = PBXFileReference; explicitFileType = wrapper.cfbundle; includeInIndex = 0; path = TestCaseEterationUITests.xctest; sourceTree = BUILT_PRODUCTS_DIR; };
/* End PBXFileReference section */

/* Begin PBXFileSystemSynchronizedBuildFileExceptionSet section */
		C8E28ACE2E39DD49008CDDA6 /* Exceptions for "TestCaseEteration" folder in "TestCaseEteration" target */ = {
			isa = PBXFileSystemSynchronizedBuildFileExceptionSet;
			membershipExceptions = (
				Info.plist,
			);
			target = C8E28AA52E39DD46008CDDA6 /* TestCaseEteration */;
		};
/* End PBXFileSystemSynchronizedBuildFileExceptionSet section */

/* Begin PBXFileSystemSynchronizedRootGroup section */
		C8E28AA82E39DD46008CDDA6 /* TestCaseEteration */ = {
			isa = PBXFileSystemSynchronizedRootGroup;
			exceptions = (
				C8E28ACE2E39DD49008CDDA6 /* Exceptions for "TestCaseEteration" folder in "TestCaseEteration" target */,
			);
			path = TestCaseEteration;
			sourceTree = "<group>";
		};
		C8E28ABF2E39DD49008CDDA6 /* TestCaseEterationTests */ = {
			isa = PBXFileSystemSynchronizedRootGroup;
			path = TestCaseEterationTests;
			sourceTree = "<group>";
		};
		C8E28AC92E39DD49008CDDA6 /* TestCaseEterationUITests */ = {
			isa = PBXFileSystemSynchronizedRootGroup;
			path = TestCaseEterationUITests;
			sourceTree = "<group>";
		};
/* End PBXFileSystemSynchronizedRootGroup section */

/* Begin PBXFrameworksBuildPhase section */
		C8E28AA32E39DD46008CDDA6 /* Frameworks */ = {
			isa = PBXFrameworksBuildPhase;
			buildActionMask = 2147483647;
			files = (
			);
			runOnlyForDeploymentPostprocessing = 0;
		};
		C8E28AB92E39DD49008CDDA6 /* Frameworks */ = {
			isa = PBXFrameworksBuildPhase;
			buildActionMask = 2147483647;
			files = (
			);
			runOnlyForDeploymentPostprocessing = 0;
		};
		C8E28AC32E39DD49008CDDA6 /* Frameworks */ = {
			isa = PBXFrameworksBuildPhase;
			buildActionMask = 2147483647;
			files = (
			);
			runOnlyForDeploymentPostprocessing = 0;
		};
/* End PBXFrameworksBuildPhase section */

/* Begin PBXGroup section */
		C8E28A9D2E39DD46008CDDA6 = {
			isa = PBXGroup;
			children = (
				C8E28AA82E39DD46008CDDA6 /* TestCaseEteration */,
				C8E28ABF2E39DD49008CDDA6 /* TestCaseEterationTests */,
				C8E28AC92E39DD49008CDDA6 /* TestCaseEterationUITests */,
				C8E28AA72E39DD46008CDDA6 /* Products */,
			);
			sourceTree = "<group>";
		};
		C8E28AA72E39DD46008CDDA6 /* Products */ = {
			isa = PBXGroup;
			children = (
				C8E28AA62E39DD46008CDDA6 /* TestCaseEteration.app */,
				C8E28ABC2E39DD49008CDDA6 /* TestCaseEterationTests.xctest */,
				C8E28AC62E39DD49008CDDA6 /* TestCaseEterationUITests.xctest */,
			);
			name = Products;
			sourceTree = "<group>";
		};
/* End PBXGroup section */

/* Begin PBXNativeTarget section */
		C8E28AA52E39DD46008CDDA6 /* TestCaseEteration */ = {
			isa = PBXNativeTarget;
			buildConfigurationList = C8E28ACF2E39DD49008CDDA6 /* Build configuration list for PBXNativeTarget "TestCaseEteration" */;
			buildPhases = (
				C8E28AA22E39DD46008CDDA6 /* Sources */,
				C8E28AA32E39DD46008CDDA6 /* Frameworks */,
				C8E28AA42E39DD46008CDDA6 /* Resources */,
			);
			buildRules = (
			);
			dependencies = (
			);
			fileSystemSynchronizedGroups = (
				C8E28AA82E39DD46008CDDA6 /* TestCaseEteration */,
			);
			name = TestCaseEteration;
			packageProductDependencies = (
			);
			productName = TestCaseEteration;
			productReference = C8E28AA62E39DD46008CDDA6 /* TestCaseEteration.app */;
			productType = "com.apple.product-type.application";
		};
		C8E28ABB2E39DD49008CDDA6 /* TestCaseEterationTests */ = {
			isa = PBXNativeTarget;
			buildConfigurationList = C8E28AD42E39DD49008CDDA6 /* Build configuration list for PBXNativeTarget "TestCaseEterationTests" */;
			buildPhases = (
				C8E28AB82E39DD49008CDDA6 /* Sources */,
				C8E28AB92E39DD49008CDDA6 /* Frameworks */,
				C8E28ABA2E39DD49008CDDA6 /* Resources */,
			);
			buildRules = (
			);
			dependencies = (
				C8E28ABE2E39DD49008CDDA6 /* PBXTargetDependency */,
			);
			fileSystemSynchronizedGroups = (
				C8E28ABF2E39DD49008CDDA6 /* TestCaseEterationTests */,
			);
			name = TestCaseEterationTests;
			packageProductDependencies = (
			);
			productName = TestCaseEterationTests;
			productReference = C8E28ABC2E39DD49008CDDA6 /* TestCaseEterationTests.xctest */;
			productType = "com.apple.product-type.bundle.unit-test";
		};
		C8E28AC52E39DD49008CDDA6 /* TestCaseEterationUITests */ = {
			isa = PBXNativeTarget;
			buildConfigurationList = C8E28AD72E39DD49008CDDA6 /* Build configuration list for PBXNativeTarget "TestCaseEterationUITests" */;
			buildPhases = (
				C8E28AC22E39DD49008CDDA6 /* Sources */,
				C8E28AC32E39DD49008CDDA6 /* Frameworks */,
				C8E28AC42E39DD49008CDDA6 /* Resources */,
			);
			buildRules = (
			);
			dependencies = (
				C8E28AC82E39DD49008CDDA6 /* PBXTargetDependency */,
			);
			fileSystemSynchronizedGroups = (
				C8E28AC92E39DD49008CDDA6 /* TestCaseEterationUITests */,
			);
			name = TestCaseEterationUITests;
			packageProductDependencies = (
			);
			productName = TestCaseEterationUITests;
			productReference = C8E28AC62E39DD49008CDDA6 /* TestCaseEterationUITests.xctest */;
			productType = "com.apple.product-type.bundle.ui-testing";
		};
/* End PBXNativeTarget section */

/* Begin PBXProject section */
		C8E28A9E2E39DD46008CDDA6 /* Project object */ = {
			isa = PBXProject;
			attributes = {
				BuildIndependentTargetsInParallel = 1;
				LastSwiftUpdateCheck = 1640;
				LastUpgradeCheck = 1640;
				TargetAttributes = {
					C8E28AA52E39DD46008CDDA6 = {
						CreatedOnToolsVersion = 16.4;
					};
					C8E28ABB2E39DD49008CDDA6 = {
						CreatedOnToolsVersion = 16.4;
						TestTargetID = C8E28AA52E39DD46008CDDA6;
					};
					C8E28AC52E39DD49008CDDA6 = {
						CreatedOnToolsVersion = 16.4;
						TestTargetID = C8E28AA52E39DD46008CDDA6;
					};
				};
			};
			buildConfigurationList = C8E28AA12E39DD46008CDDA6 /* Build configuration list for PBXProject "TestCaseEteration" */;
			developmentRegion = en;
			hasScannedForEncodings = 0;
			knownRegions = (
				en,
				Base,
			);
			mainGroup = C8E28A9D2E39DD46008CDDA6;
			minimizedProjectReferenceProxies = 1;
			preferredProjectObjectVersion = 77;
			productRefGroup = C8E28AA72E39DD46008CDDA6 /* Products */;
			projectDirPath = "";
			projectRoot = "";
			targets = (
				C8E28AA52E39DD46008CDDA6 /* TestCaseEteration */,
				C8E28ABB2E39DD49008CDDA6 /* TestCaseEterationTests */,
				C8E28AC52E39DD49008CDDA6 /* TestCaseEterationUITests */,
			);
		};
/* End PBXProject section */

/* Begin PBXResourcesBuildPhase section */
		C8E28AA42E39DD46008CDDA6 /* Resources */ = {
			isa = PBXResourcesBuildPhase;
			buildActionMask = 2147483647;
			files = (
			);
			runOnlyForDeploymentPostprocessing = 0;
		};
		C8E28ABA2E39DD49008CDDA6 /* Resources */ = {
			isa = PBXResourcesBuildPhase;
			buildActionMask = 2147483647;
			files = (
			);
			runOnlyForDeploymentPostprocessing = 0;
		};
		C8E28AC42E39DD49008CDDA6 /* Resources */ = {
			isa = PBXResourcesBuildPhase;
			buildActionMask = 2147483647;
			files = (
			);
			runOnlyForDeploymentPostprocessing = 0;
		};
/* End PBXResourcesBuildPhase section */

/* Begin PBXSourcesBuildPhase section */
		C8E28AA22E39DD46008CDDA6 /* Sources */ = {
			isa = PBXSourcesBuildPhase;
			buildActionMask = 2147483647;
			files = (
			);
			runOnlyForDeploymentPostprocessing = 0;
		};
		C8E28AB82E39DD49008CDDA6 /* Sources */ = {
			isa = PBXSourcesBuildPhase;
			buildActionMask = 2147483647;
			files = (
			);
			runOnlyForDeploymentPostprocessing = 0;
		};
		C8E28AC22E39DD49008CDDA6 /* Sources */ = {
			isa = PBXSourcesBuildPhase;
			buildActionMask = 2147483647;
			files = (
			);
			runOnlyForDeploymentPostprocessing = 0;
		};
/* End PBXSourcesBuildPhase section */

/* Begin PBXTargetDependency section */
		C8E28ABE2E39DD49008CDDA6 /* PBXTargetDependency */ = {
			isa = PBXTargetDependency;
			target = C8E28AA52E39DD46008CDDA6 /* TestCaseEteration */;
			targetProxy = C8E28ABD2E39DD49008CDDA6 /* PBXContainerItemProxy */;
		};
		C8E28AC82E39DD49008CDDA6 /* PBXTargetDependency */ = {
			isa = PBXTargetDependency;
			target = C8E28AA52E39DD46008CDDA6 /* TestCaseEteration */;
			targetProxy = C8E28AC72E39DD49008CDDA6 /* PBXContainerItemProxy */;
		};
/* End PBXTargetDependency section */

/* Begin XCBuildConfiguration section */
		C8E28AD02E39DD49008CDDA6 /* Debug */ = {
			isa = XCBuildConfiguration;
			buildSettings = {
				ASSETCATALOG_COMPILER_APPICON_NAME = AppIcon;
				ASSETCATALOG_COMPILER_GLOBAL_ACCENT_COLOR_NAME = AccentColor;
				CODE_SIGN_STYLE = Automatic;
				CURRENT_PROJECT_VERSION = 1;
				DEVELOPMENT_TEAM = YN9M6BYKXW;
				GENERATE_INFOPLIST_FILE = YES;
				INFOPLIST_FILE = TestCaseEteration/Info.plist;
				INFOPLIST_KEY_UIApplicationSupportsIndirectInputEvents = YES;
				INFOPLIST_KEY_UILaunchStoryboardName = LaunchScreen;
				INFOPLIST_KEY_UIMainStoryboardFile = Main;
				INFOPLIST_KEY_UISupportedInterfaceOrientations_iPad = "UIInterfaceOrientationPortrait UIInterfaceOrientationPortraitUpsideDown UIInterfaceOrientationLandscapeLeft UIInterfaceOrientationLandscapeRight";
				INFOPLIST_KEY_UISupportedInterfaceOrientations_iPhone = "UIInterfaceOrientationPortrait UIInterfaceOrientationLandscapeLeft UIInterfaceOrientationLandscapeRight";
				LD_RUNPATH_SEARCH_PATHS = (
					"$(inherited)",
					"@executable_path/Frameworks",
				);
				MARKETING_VERSION = 1.0;
				PRODUCT_BUNDLE_IDENTIFIER = rabiakama.TestCaseEteration;
				PRODUCT_NAME = "$(TARGET_NAME)";
				SWIFT_EMIT_LOC_STRINGS = YES;
				SWIFT_VERSION = 5.0;
				TARGETED_DEVICE_FAMILY = "1,2";
			};
			name = Debug;
		};
		C8E28AD12E39DD49008CDDA6 /* Release */ = {
			isa = XCBuildConfiguration;
			buildSettings = {
				ASSETCATALOG_COMPILER_APPICON_NAME = AppIcon;
				ASSETCATALOG_COMPILER_GLOBAL_ACCENT_COLOR_NAME = AccentColor;
				CODE_SIGN_STYLE = Automatic;
				CURRENT_PROJECT_VERSION = 1;
				DEVELOPMENT_TEAM = YN9M6BYKXW;
				GENERATE_INFOPLIST_FILE = YES;
				INFOPLIST_FILE = TestCaseEteration/Info.plist;
				INFOPLIST_KEY_UIApplicationSupportsIndirectInputEvents = YES;
				INFOPLIST_KEY_UILaunchStoryboardName = LaunchScreen;
				INFOPLIST_KEY_UIMainStoryboardFile = Main;
				INFOPLIST_KEY_UISupportedInterfaceOrientations_iPad = "UIInterfaceOrientationPortrait UIInterfaceOrientationPortraitUpsideDown UIInterfaceOrientationLandscapeLeft UIInterfaceOrientationLandscapeRight";
				INFOPLIST_KEY_UISupportedInterfaceOrientations_iPhone = "UIInterfaceOrientationPortrait UIInterfaceOrientationLandscapeLeft UIInterfaceOrientationLandscapeRight";
				LD_RUNPATH_SEARCH_PATHS = (
					"$(inherited)",
					"@executable_path/Frameworks",
				);
				MARKETING_VERSION = 1.0;
				PRODUCT_BUNDLE_IDENTIFIER = rabiakama.TestCaseEteration;
				PRODUCT_NAME = "$(TARGET_NAME)";
				SWIFT_EMIT_LOC_STRINGS = YES;
				SWIFT_VERSION = 5.0;
				TARGETED_DEVICE_FAMILY = "1,2";
			};
			name = Release;
		};
		C8E28AD22E39DD49008CDDA6 /* Debug */ = {
			isa = XCBuildConfiguration;
			buildSettings = {
				ALWAYS_SEARCH_USER_PATHS = NO;
				ASSETCATALOG_COMPILER_GENERATE_SWIFT_ASSET_SYMBOL_EXTENSIONS = YES;
				CLANG_ANALYZER_NONNULL = YES;
				CLANG_ANALYZER_NUMBER_OBJECT_CONVERSION = YES_AGGRESSIVE;
				CLANG_CXX_LANGUAGE_STANDARD = "gnu++20";
				CLANG_ENABLE_MODULES = YES;
				CLANG_ENABLE_OBJC_ARC = YES;
				CLANG_ENABLE_OBJC_WEAK = YES;
				CLANG_WARN_BLOCK_CAPTURE_AUTORELEASING = YES;
				CLANG_WARN_BOOL_CONVERSION = YES;
				CLANG_WARN_COMMA = YES;
				CLANG_WARN_CONSTANT_CONVERSION = YES;
				CLANG_WARN_DEPRECATED_OBJC_IMPLEMENTATIONS = YES;
				CLANG_WARN_DIRECT_OBJC_ISA_USAGE = YES_ERROR;
				CLANG_WARN_DOCUMENTATION_COMMENTS = YES;
				CLANG_WARN_EMPTY_BODY = YES;
				CLANG_WARN_ENUM_CONVERSION = YES;
				CLANG_WARN_INFINITE_RECURSION = YES;
				CLANG_WARN_INT_CONVERSION = YES;
				CLANG_WARN_NON_LITERAL_NULL_CONVERSION = YES;
				CLANG_WARN_OBJC_IMPLICIT_RETAIN_SELF = YES;
				CLANG_WARN_OBJC_LITERAL_CONVERSION = YES;
				CLANG_WARN_OBJC_ROOT_CLASS = YES_ERROR;
				CLANG_WARN_QUOTED_INCLUDE_IN_FRAMEWORK_HEADER = YES;
				CLANG_WARN_RANGE_LOOP_ANALYSIS = YES;
				CLANG_WARN_STRICT_PROTOTYPES = YES;
				CLANG_WARN_SUSPICIOUS_MOVE = YES;
				CLANG_WARN_UNGUARDED_AVAILABILITY = YES_AGGRESSIVE;
				CLANG_WARN_UNREACHABLE_CODE = YES;
				CLANG_WARN__DUPLICATE_METHOD_MATCH = YES;
				COPY_PHASE_STRIP = NO;
				DEBUG_INFORMATION_FORMAT = dwarf;
				DEVELOPMENT_TEAM = YN9M6BYKXW;
				ENABLE_STRICT_OBJC_MSGSEND = YES;
				ENABLE_TESTABILITY = YES;
				ENABLE_USER_SCRIPT_SANDBOXING = YES;
				GCC_C_LANGUAGE_STANDARD = gnu17;
				GCC_DYNAMIC_NO_PIC = NO;
				GCC_NO_COMMON_BLOCKS = YES;
				GCC_OPTIMIZATION_LEVEL = 0;
				GCC_PREPROCESSOR_DEFINITIONS = (
					"DEBUG=1",
					"$(inherited)",
				);
				GCC_WARN_64_TO_32_BIT_CONVERSION = YES;
				GCC_WARN_ABOUT_RETURN_TYPE = YES_ERROR;
				GCC_WARN_UNDECLARED_SELECTOR = YES;
				GCC_WARN_UNINITIALIZED_AUTOS = YES_AGGRESSIVE;
				GCC_WARN_UNUSED_FUNCTION = YES;
				GCC_WARN_UNUSED_VARIABLE = YES;
				IPHONEOS_DEPLOYMENT_TARGET = 18.5;
				LOCALIZATION_PREFERS_STRING_CATALOGS = YES;
				MTL_ENABLE_DEBUG_INFO = INCLUDE_SOURCE;
				MTL_FAST_MATH = YES;
				ONLY_ACTIVE_ARCH = YES;
				SDKROOT = iphoneos;
				SWIFT_ACTIVE_COMPILATION_CONDITIONS = "DEBUG $(inherited)";
				SWIFT_OPTIMIZATION_LEVEL = "-Onone";
			};
			name = Debug;
		};
		C8E28AD32E39DD49008CDDA6 /* Release */ = {
			isa = XCBuildConfiguration;
			buildSettings = {
				ALWAYS_SEARCH_USER_PATHS = NO;
				ASSETCATALOG_COMPILER_GENERATE_SWIFT_ASSET_SYMBOL_EXTENSIONS = YES;
				CLANG_ANALYZER_NONNULL = YES;
				CLANG_ANALYZER_NUMBER_OBJECT_CONVERSION = YES_AGGRESSIVE;
				CLANG_CXX_LANGUAGE_STANDARD = "gnu++20";
				CLANG_ENABLE_MODULES = YES;
				CLANG_ENABLE_OBJC_ARC = YES;
				CLANG_ENABLE_OBJC_WEAK = YES;
				CLANG_WARN_BLOCK_CAPTURE_AUTORELEASING = YES;
				CLANG_WARN_BOOL_CONVERSION = YES;
				CLANG_WARN_COMMA = YES;
				CLANG_WARN_CONSTANT_CONVERSION = YES;
				CLANG_WARN_DEPRECATED_OBJC_IMPLEMENTATIONS = YES;
				CLANG_WARN_DIRECT_OBJC_ISA_USAGE = YES_ERROR;
				CLANG_WARN_DOCUMENTATION_COMMENTS = YES;
				CLANG_WARN_EMPTY_BODY = YES;
				CLANG_WARN_ENUM_CONVERSION = YES;
				CLANG_WARN_INFINITE_RECURSION = YES;
				CLANG_WARN_INT_CONVERSION = YES;
				CLANG_WARN_NON_LITERAL_NULL_CONVERSION = YES;
				CLANG_WARN_OBJC_IMPLICIT_RETAIN_SELF = YES;
				CLANG_WARN_OBJC_LITERAL_CONVERSION = YES;
				CLANG_WARN_OBJC_ROOT_CLASS = YES_ERROR;
				CLANG_WARN_QUOTED_INCLUDE_IN_FRAMEWORK_HEADER = YES;
				CLANG_WARN_RANGE_LOOP_ANALYSIS = YES;
				CLANG_WARN_STRICT_PROTOTYPES = YES;
				CLANG_WARN_SUSPICIOUS_MOVE = YES;
				CLANG_WARN_UNGUARDED_AVAILABILITY = YES_AGGRESSIVE;
				CLANG_WARN_UNREACHABLE_CODE = YES;
				CLANG_WARN__DUPLICATE_METHOD_MATCH = YES;
				COPY_PHASE_STRIP = NO;
				DEBUG_INFORMATION_FORMAT = "dwarf-with-dsym";
				DEVELOPMENT_TEAM = YN9M6BYKXW;
				ENABLE_NS_ASSERTIONS = NO;
				ENABLE_STRICT_OBJC_MSGSEND = YES;
				ENABLE_USER_SCRIPT_SANDBOXING = YES;
				GCC_C_LANGUAGE_STANDARD = gnu17;
				GCC_NO_COMMON_BLOCKS = YES;
				GCC_WARN_64_TO_32_BIT_CONVERSION = YES;
				GCC_WARN_ABOUT_RETURN_TYPE = YES_ERROR;
				GCC_WARN_UNDECLARED_SELECTOR = YES;
				GCC_WARN_UNINITIALIZED_AUTOS = YES_AGGRESSIVE;
				GCC_WARN_UNUSED_FUNCTION = YES;
				GCC_WARN_UNUSED_VARIABLE = YES;
				IPHONEOS_DEPLOYMENT_TARGET = 18.5;
				LOCALIZATION_PREFERS_STRING_CATALOGS = YES;
				MTL_ENABLE_DEBUG_INFO = NO;
				MTL_FAST_MATH = YES;
				SDKROOT = iphoneos;
				SWIFT_COMPILATION_MODE = wholemodule;
				VALIDATE_PRODUCT = YES;
			};
			name = Release;
		};
		C8E28AD52E39DD49008CDDA6 /* Debug */ = {
			isa = XCBuildConfiguration;
			buildSettings = {
				BUNDLE_LOADER = "$(TEST_HOST)";
				CODE_SIGN_STYLE = Automatic;
				CURRENT_PROJECT_VERSION = 1;
				DEVELOPMENT_TEAM = YN9M6BYKXW;
				GENERATE_INFOPLIST_FILE = YES;
				IPHONEOS_DEPLOYMENT_TARGET = 18.5;
				MARKETING_VERSION = 1.0;
				PRODUCT_BUNDLE_IDENTIFIER = rabiakama.TestCaseEterationTests;
				PRODUCT_NAME = "$(TARGET_NAME)";
				SWIFT_EMIT_LOC_STRINGS = NO;
				SWIFT_VERSION = 5.0;
				TARGETED_DEVICE_FAMILY = "1,2";
				TEST_HOST = "$(BUILT_PRODUCTS_DIR)/TestCaseEteration.app/$(BUNDLE_EXECUTABLE_FOLDER_PATH)/TestCaseEteration";
			};
			name = Debug;
		};
		C8E28AD62E39DD49008CDDA6 /* Release */ = {
			isa = XCBuildConfiguration;
			buildSettings = {
				BUNDLE_LOADER = "$(TEST_HOST)";
				CODE_SIGN_STYLE = Automatic;
				CURRENT_PROJECT_VERSION = 1;
				DEVELOPMENT_TEAM = YN9M6BYKXW;
				GENERATE_INFOPLIST_FILE = YES;
				IPHONEOS_DEPLOYMENT_TARGET = 18.5;
				MARKETING_VERSION = 1.0;
				PRODUCT_BUNDLE_IDENTIFIER = rabiakama.TestCaseEterationTests;
				PRODUCT_NAME = "$(TARGET_NAME)";
				SWIFT_EMIT_LOC_STRINGS = NO;
				SWIFT_VERSION = 5.0;
				TARGETED_DEVICE_FAMILY = "1,2";
				TEST_HOST = "$(BUILT_PRODUCTS_DIR)/TestCaseEteration.app/$(BUNDLE_EXECUTABLE_FOLDER_PATH)/TestCaseEteration";
			};
			name = Release;
		};
		C8E28AD82E39DD49008CDDA6 /* Debug */ = {
			isa = XCBuildConfiguration;
			buildSettings = {
				CODE_SIGN_STYLE = Automatic;
				CURRENT_PROJECT_VERSION = 1;
				DEVELOPMENT_TEAM = YN9M6BYKXW;
				GENERATE_INFOPLIST_FILE = YES;
				MARKETING_VERSION = 1.0;
				PRODUCT_BUNDLE_IDENTIFIER = rabiakama.TestCaseEterationUITests;
				PRODUCT_NAME = "$(TARGET_NAME)";
				SWIFT_EMIT_LOC_STRINGS = NO;
				SWIFT_VERSION = 5.0;
				TARGETED_DEVICE_FAMILY = "1,2";
				TEST_TARGET_NAME = TestCaseEteration;
			};
			name = Debug;
		};
		C8E28AD92E39DD49008CDDA6 /* Release */ = {
			isa = XCBuildConfiguration;
			buildSettings = {
				CODE_SIGN_STYLE = Automatic;
				CURRENT_PROJECT_VERSION = 1;
				DEVELOPMENT_TEAM = YN9M6BYKXW;
				GENERATE_INFOPLIST_FILE = YES;
				MARKETING_VERSION = 1.0;
				PRODUCT_BUNDLE_IDENTIFIER = rabiakama.TestCaseEterationUITests;
				PRODUCT_NAME = "$(TARGET_NAME)";
				SWIFT_EMIT_LOC_STRINGS = NO;
				SWIFT_VERSION = 5.0;
				TARGETED_DEVICE_FAMILY = "1,2";
				TEST_TARGET_NAME = TestCaseEteration;
			};
			name = Release;
		};
/* End XCBuildConfiguration section */

/* Begin XCConfigurationList section */
		C8E28AA12E39DD46008CDDA6 /* Build configuration list for PBXProject "TestCaseEteration" */ = {
			isa = XCConfigurationList;
			buildConfigurations = (
				C8E28AD22E39DD49008CDDA6 /* Debug */,
				C8E28AD32E39DD49008CDDA6 /* Release */,
			);
			defaultConfigurationIsVisible = 0;
			defaultConfigurationName = Release;
		};
		C8E28ACF2E39DD49008CDDA6 /* Build configuration list for PBXNativeTarget "TestCaseEteration" */ = {
			isa = XCConfigurationList;
			buildConfigurations = (
				C8E28AD02E39DD49008CDDA6 /* Debug */,
				C8E28AD12E39DD49008CDDA6 /* Release */,
			);
			defaultConfigurationIsVisible = 0;
			defaultConfigurationName = Release;
		};
		C8E28AD42E39DD49008CDDA6 /* Build configuration list for PBXNativeTarget "TestCaseEterationTests" */ = {
			isa = XCConfigurationList;
			buildConfigurations = (
				C8E28AD52E39DD49008CDDA6 /* Debug */,
				C8E28AD62E39DD49008CDDA6 /* Release */,
			);
			defaultConfigurationIsVisible = 0;
			defaultConfigurationName = Release;
		};
		C8E28AD72E39DD49008CDDA6 /* Build configuration list for PBXNativeTarget "TestCaseEterationUITests" */ = {
			isa = XCConfigurationList;
			buildConfigurations = (
				C8E28AD82E39DD49008CDDA6 /* Debug */,
				C8E28AD92E39DD49008CDDA6 /* Release */,
			);
			defaultConfigurationIsVisible = 0;
			defaultConfigurationName = Release;
		};
/* End XCConfigurationList section */
	};
	rootObject = C8E28A9E2E39DD46008CDDA6 /* Project object */;
}
